
Microsoft Visual Studio Solution File, Format Version 12.00
# Visual Studio 2017
Project("{FAE04EC0-301F-11D3-BF4B-00C04F79EFBC}") = "Blokk the Brave", "Blokk the Brave.csproj", "{1554CA4A-1EB6-2952-942F-3F4D47C26FED}"
EndProject
Project("{FAE04EC0-301F-11D3-BF4B-00C04F79EFBC}") = "Blokk the Brave.Editor", "Blokk the Brave.Editor.csproj", "{B8073F25-4204-D6CF-BDF6-C9A24197CC0C}"
EndProject
Global
	GlobalSection(SolutionConfigurationPlatforms) = preSolution
		Debug|Any CPU = Debug|Any CPU
		Release|Any CPU = Release|Any CPU
	EndGlobalSection
	GlobalSection(ProjectConfigurationPlatforms) = postSolution
		{1554CA4A-1EB6-2952-942F-3F4D47C26FED}.Debug|Any CPU.ActiveCfg = Debug|Any CPU
		{1554CA4A-1EB6-2952-942F-3F4D47C26FED}.Debug|Any CPU.Build.0 = Debug|Any CPU
		{1554CA4A-1EB6-2952-942F-3F4D47C26FED}.Release|Any CPU.ActiveCfg = Release|Any CPU
		{1554CA4A-1EB6-2952-942F-3F4D47C26FED}.Release|Any CPU.Build.0 = Release|Any CPU
		{B8073F25-4204-D6CF-BDF6-C9A24197CC0C}.Debug|Any CPU.ActiveCfg = Debug|Any CPU
		{B8073F25-4204-D6CF-BDF6-C9A24197CC0C}.Debug|Any CPU.Build.0 = Debug|Any CPU
		{B8073F25-4204-D6CF-BDF6-C9A24197CC0C}.Release|Any CPU.ActiveCfg = Release|Any CPU
		{B8073F25-4204-D6CF-BDF6-C9A24197CC0C}.Release|Any CPU.Build.0 = Release|Any CPU
	EndGlobalSection
	GlobalSection(SolutionProperties) = preSolution
		HideSolutionNode = FALSE
	EndGlobalSection
EndGlobal
